
Microsoft Visual Studio Solution File, Format Version 12.00
# Visual Studio 15
Project("{FAE04EC0-301F-11D3-BF4B-00C04F79EFBC}") = "Assembly-CSharp", "Assembly-CSharp.csproj", "{E5100EF8-ACD8-E2F8-7148-CF54CE09CC38}"
EndProject
Project("{FAE04EC0-301F-11D3-BF4B-00C04F79EFBC}") = "Assembly-CSharp-Editor", "Assembly-CSharp-Editor.csproj", "{3AE4EC6E-3127-FE5F-DC51-1713BE46E636}"
EndProject
Global
	GlobalSection(SolutionConfigurationPlatforms) = preSolution
		Debug|Any CPU = Debug|Any CPU
		Release|Any CPU = Release|Any CPU
	EndGlobalSection
	GlobalSection(ProjectConfigurationPlatforms) = postSolution
		{E5100EF8-ACD8-E2F8-7148-CF54CE09CC38}.Debug|Any CPU.ActiveCfg = Debug|Any CPU
		{E5100EF8-ACD8-E2F8-7148-CF54CE09CC38}.Debug|Any CPU.Build.0 = Debug|Any CPU
		{E5100EF8-ACD8-E2F8-7148-CF54CE09CC38}.Release|Any CPU.ActiveCfg = Release|Any CPU
		{E5100EF8-ACD8-E2F8-7148-CF54CE09CC38}.Release|Any CPU.Build.0 = Release|Any CPU
		{3AE4EC6E-3127-FE5F-DC51-1713BE46E636}.Debug|Any CPU.ActiveCfg = Debug|Any CPU
		{3AE4EC6E-3127-FE5F-DC51-1713BE46E636}.Debug|Any CPU.Build.0 = Debug|Any CPU
		{3AE4EC6E-3127-FE5F-DC51-1713BE46E636}.Release|Any CPU.ActiveCfg = Release|Any CPU
		{3AE4EC6E-3127-FE5F-DC51-1713BE46E636}.Release|Any CPU.Build.0 = Release|Any CPU
	EndGlobalSection
	GlobalSection(SolutionProperties) = preSolution
		HideSolutionNode = FALSE
	EndGlobalSection
EndGlobal
